// !$*UTF8*$!
{
	archiveVersion = 1;
	classes = {
	};
	objectVersion = 56;
	objects = {

/* Begin PBXBuildFile section */
		450960D52B614DE000043B00 /* Extensions.swift in Sources */ = {isa = PBXBuildFile; fileRef = 450960D42B614DE000043B00 /* Extensions.swift */; };
		450960D72B61592700043B00 /* SearchResultTableViewCell.swift in Sources */ = {isa = PBXBuildFile; fileRef = 450960D62B61592700043B00 /* SearchResultTableViewCell.swift */; };
		457788A92B63019B0027DF3E /* FloatingPanel in Frameworks */ = {isa = PBXBuildFile; productRef = 457788A82B63019B0027DF3E /* FloatingPanel */; };
		457951342B605A1C002D94EF /* AppDelegate.swift in Sources */ = {isa = PBXBuildFile; fileRef = 457951332B605A1C002D94EF /* AppDelegate.swift */; };
		457951362B605A1C002D94EF /* SceneDelegate.swift in Sources */ = {isa = PBXBuildFile; fileRef = 457951352B605A1C002D94EF /* SceneDelegate.swift */; };
		457951382B605A1C002D94EF /* WatchListViewController.swift in Sources */ = {isa = PBXBuildFile; fileRef = 457951372B605A1C002D94EF /* WatchListViewController.swift */; };
		4579513D2B605A1D002D94EF /* Assets.xcassets in Resources */ = {isa = PBXBuildFile; fileRef = 4579513C2B605A1D002D94EF /* Assets.xcassets */; };
		457951402B605A1D002D94EF /* LaunchScreen.storyboard in Resources */ = {isa = PBXBuildFile; fileRef = 4579513E2B605A1D002D94EF /* LaunchScreen.storyboard */; };
		4579514D2B6063BF002D94EF /* NewsViewController.swift in Sources */ = {isa = PBXBuildFile; fileRef = 4579514C2B6063BF002D94EF /* NewsViewController.swift */; };
		4579514F2B6063D1002D94EF /* SearchResultsViewController.swift in Sources */ = {isa = PBXBuildFile; fileRef = 4579514E2B6063D1002D94EF /* SearchResultsViewController.swift */; };
		457951512B6063DC002D94EF /* StockDetailsViewController.swift in Sources */ = {isa = PBXBuildFile; fileRef = 457951502B6063DC002D94EF /* StockDetailsViewController.swift */; };
		457951532B6066A0002D94EF /* APIManager.swift in Sources */ = {isa = PBXBuildFile; fileRef = 457951522B6066A0002D94EF /* APIManager.swift */; };
		457951552B6066B1002D94EF /* PersistenceManager.swift in Sources */ = {isa = PBXBuildFile; fileRef = 457951542B6066B1002D94EF /* PersistenceManager.swift */; };
		457951572B6066BD002D94EF /* HapticsManager.swift in Sources */ = {isa = PBXBuildFile; fileRef = 457951562B6066BD002D94EF /* HapticsManager.swift */; };
		458A1AEA2B619BFC004A4246 /* SearchResponse.swift in Sources */ = {isa = PBXBuildFile; fileRef = 458A1AE92B619BFB004A4246 /* SearchResponse.swift */; };
		45E07F002B696D6000F6CF6A /* FinancialMetricsResponse.swift in Sources */ = {isa = PBXBuildFile; fileRef = 45E07EFF2B696D6000F6CF6A /* FinancialMetricsResponse.swift */; };
		45E07F022B69706400F6CF6A /* StockDetailHeaderView.swift in Sources */ = {isa = PBXBuildFile; fileRef = 45E07F012B69706400F6CF6A /* StockDetailHeaderView.swift */; };
		45E07F042B69789400F6CF6A /* MetricCollectionViewCell.swift in Sources */ = {isa = PBXBuildFile; fileRef = 45E07F032B69789400F6CF6A /* MetricCollectionViewCell.swift */; };
		45E07F072B698E3900F6CF6A /* DGCharts in Frameworks */ = {isa = PBXBuildFile; productRef = 45E07F062B698E3900F6CF6A /* DGCharts */; };
		45E07F092B698E3900F6CF6A /* DGChartsDynamic in Frameworks */ = {isa = PBXBuildFile; productRef = 45E07F082B698E3900F6CF6A /* DGChartsDynamic */; };
		45F94B9B2B63FC9E00A0B66C /* NewsHeaderView.swift in Sources */ = {isa = PBXBuildFile; fileRef = 45F94B9A2B63FC9E00A0B66C /* NewsHeaderView.swift */; };
		45F94B9D2B640F2500A0B66C /* NewsStory.swift in Sources */ = {isa = PBXBuildFile; fileRef = 45F94B9C2B640F2500A0B66C /* NewsStory.swift */; };
		45F94B9F2B6416F400A0B66C /* NewsStoryTableViewCell.swift in Sources */ = {isa = PBXBuildFile; fileRef = 45F94B9E2B6416F400A0B66C /* NewsStoryTableViewCell.swift */; };
		45F94BA22B64210900A0B66C /* SDWebImage in Frameworks */ = {isa = PBXBuildFile; productRef = 45F94BA12B64210900A0B66C /* SDWebImage */; };
		45F94BA42B643B0F00A0B66C /* MarketDataResponse.swift in Sources */ = {isa = PBXBuildFile; fileRef = 45F94BA32B643B0F00A0B66C /* MarketDataResponse.swift */; };
		45F94BA62B6449B400A0B66C /* WatchListTableViewCell.swift in Sources */ = {isa = PBXBuildFile; fileRef = 45F94BA52B6449B400A0B66C /* WatchListTableViewCell.swift */; };
		45F94BA82B644ACE00A0B66C /* StockChartView.swift in Sources */ = {isa = PBXBuildFile; fileRef = 45F94BA72B644ACE00A0B66C /* StockChartView.swift */; };
/* End PBXBuildFile section */

/* Begin PBXFileReference section */
		450960D42B614DE000043B00 /* Extensions.swift */ = {isa = PBXFileReference; lastKnownFileType = sourcecode.swift; path = Extensions.swift; sourceTree = "<group>"; };
		450960D62B61592700043B00 /* SearchResultTableViewCell.swift */ = {isa = PBXFileReference; lastKnownFileType = sourcecode.swift; path = SearchResultTableViewCell.swift; sourceTree = "<group>"; };
		457951302B605A1C002D94EF /* iStock.app */ = {isa = PBXFileReference; explicitFileType = wrapper.application; includeInIndex = 0; path = iStock.app; sourceTree = BUILT_PRODUCTS_DIR; };
		457951332B605A1C002D94EF /* AppDelegate.swift */ = {isa = PBXFileReference; lastKnownFileType = sourcecode.swift; path = AppDelegate.swift; sourceTree = "<group>"; };
		457951352B605A1C002D94EF /* SceneDelegate.swift */ = {isa = PBXFileReference; lastKnownFileType = sourcecode.swift; path = SceneDelegate.swift; sourceTree = "<group>"; };
		457951372B605A1C002D94EF /* WatchListViewController.swift */ = {isa = PBXFileReference; lastKnownFileType = sourcecode.swift; path = WatchListViewController.swift; sourceTree = "<group>"; };
		4579513C2B605A1D002D94EF /* Assets.xcassets */ = {isa = PBXFileReference; lastKnownFileType = folder.assetcatalog; path = Assets.xcassets; sourceTree = "<group>"; };
		4579513F2B605A1D002D94EF /* Base */ = {isa = PBXFileReference; lastKnownFileType = file.storyboard; name = Base; path = Base.lproj/LaunchScreen.storyboard; sourceTree = "<group>"; };
		457951412B605A1D002D94EF /* Info.plist */ = {isa = PBXFileReference; lastKnownFileType = text.plist.xml; path = Info.plist; sourceTree = "<group>"; };
		4579514C2B6063BF002D94EF /* NewsViewController.swift */ = {isa = PBXFileReference; lastKnownFileType = sourcecode.swift; path = NewsViewController.swift; sourceTree = "<group>"; };
		4579514E2B6063D1002D94EF /* SearchResultsViewController.swift */ = {isa = PBXFileReference; lastKnownFileType = sourcecode.swift; path = SearchResultsViewController.swift; sourceTree = "<group>"; };
		457951502B6063DC002D94EF /* StockDetailsViewController.swift */ = {isa = PBXFileReference; lastKnownFileType = sourcecode.swift; path = StockDetailsViewController.swift; sourceTree = "<group>"; };
		457951522B6066A0002D94EF /* APIManager.swift */ = {isa = PBXFileReference; lastKnownFileType = sourcecode.swift; path = APIManager.swift; sourceTree = "<group>"; };
		457951542B6066B1002D94EF /* PersistenceManager.swift */ = {isa = PBXFileReference; lastKnownFileType = sourcecode.swift; path = PersistenceManager.swift; sourceTree = "<group>"; };
		457951562B6066BD002D94EF /* HapticsManager.swift */ = {isa = PBXFileReference; lastKnownFileType = sourcecode.swift; path = HapticsManager.swift; sourceTree = "<group>"; };
		458A1AE92B619BFB004A4246 /* SearchResponse.swift */ = {isa = PBXFileReference; lastKnownFileType = sourcecode.swift; path = SearchResponse.swift; sourceTree = "<group>"; };
		45E07EFF2B696D6000F6CF6A /* FinancialMetricsResponse.swift */ = {isa = PBXFileReference; lastKnownFileType = sourcecode.swift; path = FinancialMetricsResponse.swift; sourceTree = "<group>"; };
		45E07F012B69706400F6CF6A /* StockDetailHeaderView.swift */ = {isa = PBXFileReference; lastKnownFileType = sourcecode.swift; path = StockDetailHeaderView.swift; sourceTree = "<group>"; };
		45E07F032B69789400F6CF6A /* MetricCollectionViewCell.swift */ = {isa = PBXFileReference; lastKnownFileType = sourcecode.swift; path = MetricCollectionViewCell.swift; sourceTree = "<group>"; };
		45F94B9A2B63FC9E00A0B66C /* NewsHeaderView.swift */ = {isa = PBXFileReference; lastKnownFileType = sourcecode.swift; path = NewsHeaderView.swift; sourceTree = "<group>"; };
		45F94B9C2B640F2500A0B66C /* NewsStory.swift */ = {isa = PBXFileReference; lastKnownFileType = sourcecode.swift; path = NewsStory.swift; sourceTree = "<group>"; };
		45F94B9E2B6416F400A0B66C /* NewsStoryTableViewCell.swift */ = {isa = PBXFileReference; lastKnownFileType = sourcecode.swift; path = NewsStoryTableViewCell.swift; sourceTree = "<group>"; };
		45F94BA32B643B0F00A0B66C /* MarketDataResponse.swift */ = {isa = PBXFileReference; lastKnownFileType = sourcecode.swift; path = MarketDataResponse.swift; sourceTree = "<group>"; };
		45F94BA52B6449B400A0B66C /* WatchListTableViewCell.swift */ = {isa = PBXFileReference; lastKnownFileType = sourcecode.swift; path = WatchListTableViewCell.swift; sourceTree = "<group>"; };
		45F94BA72B644ACE00A0B66C /* StockChartView.swift */ = {isa = PBXFileReference; lastKnownFileType = sourcecode.swift; path = StockChartView.swift; sourceTree = "<group>"; };
/* End PBXFileReference section */

/* Begin PBXFrameworksBuildPhase section */
		4579512D2B605A1C002D94EF /* Frameworks */ = {
			isa = PBXFrameworksBuildPhase;
			buildActionMask = 2147483647;
			files = (
				45E07F092B698E3900F6CF6A /* DGChartsDynamic in Frameworks */,
				45F94BA22B64210900A0B66C /* SDWebImage in Frameworks */,
				45E07F072B698E3900F6CF6A /* DGCharts in Frameworks */,
				457788A92B63019B0027DF3E /* FloatingPanel in Frameworks */,
			);
			runOnlyForDeploymentPostprocessing = 0;
		};
/* End PBXFrameworksBuildPhase section */

/* Begin PBXGroup section */
		457951272B605A1C002D94EF = {
			isa = PBXGroup;
			children = (
				457951322B605A1C002D94EF /* iStock */,
				457951312B605A1C002D94EF /* Products */,
			);
			sourceTree = "<group>";
		};
		457951312B605A1C002D94EF /* Products */ = {
			isa = PBXGroup;
			children = (
				457951302B605A1C002D94EF /* iStock.app */,
			);
			name = Products;
			sourceTree = "<group>";
		};
		457951322B605A1C002D94EF /* iStock */ = {
			isa = PBXGroup;
			children = (
				4579514B2B606339002D94EF /* Other */,
				4579514A2B606332002D94EF /* Managers */,
				457951492B60630B002D94EF /* Controllers */,
				457951482B606306002D94EF /* Views */,
				457951472B6062FD002D94EF /* Models */,
				457951412B605A1D002D94EF /* Info.plist */,
			);
			path = iStock;
			sourceTree = "<group>";
		};
		457951472B6062FD002D94EF /* Models */ = {
			isa = PBXGroup;
			children = (
				458A1AE92B619BFB004A4246 /* SearchResponse.swift */,
				45F94B9C2B640F2500A0B66C /* NewsStory.swift */,
				45F94BA32B643B0F00A0B66C /* MarketDataResponse.swift */,
				45E07EFF2B696D6000F6CF6A /* FinancialMetricsResponse.swift */,
			);
			path = Models;
			sourceTree = "<group>";
		};
		457951482B606306002D94EF /* Views */ = {
			isa = PBXGroup;
			children = (
				4579513E2B605A1D002D94EF /* LaunchScreen.storyboard */,
				450960D62B61592700043B00 /* SearchResultTableViewCell.swift */,
				45F94B9A2B63FC9E00A0B66C /* NewsHeaderView.swift */,
				45F94B9E2B6416F400A0B66C /* NewsStoryTableViewCell.swift */,
				45F94BA52B6449B400A0B66C /* WatchListTableViewCell.swift */,
				45F94BA72B644ACE00A0B66C /* StockChartView.swift */,
				45E07F012B69706400F6CF6A /* StockDetailHeaderView.swift */,
				45E07F032B69789400F6CF6A /* MetricCollectionViewCell.swift */,
			);
			path = Views;
			sourceTree = "<group>";
		};
		457951492B60630B002D94EF /* Controllers */ = {
			isa = PBXGroup;
			children = (
				457951372B605A1C002D94EF /* WatchListViewController.swift */,
				4579514E2B6063D1002D94EF /* SearchResultsViewController.swift */,
				4579514C2B6063BF002D94EF /* NewsViewController.swift */,
				457951502B6063DC002D94EF /* StockDetailsViewController.swift */,
			);
			path = Controllers;
			sourceTree = "<group>";
		};
		4579514A2B606332002D94EF /* Managers */ = {
			isa = PBXGroup;
			children = (
				457951522B6066A0002D94EF /* APIManager.swift */,
				457951542B6066B1002D94EF /* PersistenceManager.swift */,
				457951562B6066BD002D94EF /* HapticsManager.swift */,
			);
			path = Managers;
			sourceTree = "<group>";
		};
		4579514B2B606339002D94EF /* Other */ = {
			isa = PBXGroup;
			children = (
				4579513C2B605A1D002D94EF /* Assets.xcassets */,
				457951332B605A1C002D94EF /* AppDelegate.swift */,
				457951352B605A1C002D94EF /* SceneDelegate.swift */,
				450960D42B614DE000043B00 /* Extensions.swift */,
			);
			path = Other;
			sourceTree = "<group>";
		};
/* End PBXGroup section */

/* Begin PBXNativeTarget section */
		4579512F2B605A1C002D94EF /* iStock */ = {
			isa = PBXNativeTarget;
			buildConfigurationList = 457951442B605A1D002D94EF /* Build configuration list for PBXNativeTarget "iStock" */;
			buildPhases = (
				4579512C2B605A1C002D94EF /* Sources */,
				4579512D2B605A1C002D94EF /* Frameworks */,
				4579512E2B605A1C002D94EF /* Resources */,
			);
			buildRules = (
			);
			dependencies = (
			);
			name = iStock;
			packageProductDependencies = (
				457788A82B63019B0027DF3E /* FloatingPanel */,
				45F94BA12B64210900A0B66C /* SDWebImage */,
				45E07F062B698E3900F6CF6A /* DGCharts */,
				45E07F082B698E3900F6CF6A /* DGChartsDynamic */,
			);
			productName = iStock;
			productReference = 457951302B605A1C002D94EF /* iStock.app */;
			productType = "com.apple.product-type.application";
		};
/* End PBXNativeTarget section */

/* Begin PBXProject section */
		457951282B605A1C002D94EF /* Project object */ = {
			isa = PBXProject;
			attributes = {
				BuildIndependentTargetsInParallel = 1;
				LastSwiftUpdateCheck = 1500;
				LastUpgradeCheck = 1500;
				TargetAttributes = {
					4579512F2B605A1C002D94EF = {
						CreatedOnToolsVersion = 15.0.1;
					};
				};
			};
			buildConfigurationList = 4579512B2B605A1C002D94EF /* Build configuration list for PBXProject "iStock" */;
			compatibilityVersion = "Xcode 14.0";
			developmentRegion = en;
			hasScannedForEncodings = 0;
			knownRegions = (
				en,
				Base,
			);
			mainGroup = 457951272B605A1C002D94EF;
			packageReferences = (
				457788A72B63019B0027DF3E /* XCRemoteSwiftPackageReference "FloatingPanel" */,
				45F94BA02B64210900A0B66C /* XCRemoteSwiftPackageReference "SDWebImage" */,
				45E07F052B698E3900F6CF6A /* XCRemoteSwiftPackageReference "Charts" */,
			);
			productRefGroup = 457951312B605A1C002D94EF /* Products */;
			projectDirPath = "";
			projectRoot = "";
			targets = (
				4579512F2B605A1C002D94EF /* iStock */,
			);
		};
/* End PBXProject section */

/* Begin PBXResourcesBuildPhase section */
		4579512E2B605A1C002D94EF /* Resources */ = {
			isa = PBXResourcesBuildPhase;
			buildActionMask = 2147483647;
			files = (
				457951402B605A1D002D94EF /* LaunchScreen.storyboard in Resources */,
				4579513D2B605A1D002D94EF /* Assets.xcassets in Resources */,
			);
			runOnlyForDeploymentPostprocessing = 0;
		};
/* End PBXResourcesBuildPhase section */

/* Begin PBXSourcesBuildPhase section */
		4579512C2B605A1C002D94EF /* Sources */ = {
			isa = PBXSourcesBuildPhase;
			buildActionMask = 2147483647;
			files = (
				45F94BA42B643B0F00A0B66C /* MarketDataResponse.swift in Sources */,
				457951572B6066BD002D94EF /* HapticsManager.swift in Sources */,
				45E07F042B69789400F6CF6A /* MetricCollectionViewCell.swift in Sources */,
				450960D72B61592700043B00 /* SearchResultTableViewCell.swift in Sources */,
				457951512B6063DC002D94EF /* StockDetailsViewController.swift in Sources */,
				457951382B605A1C002D94EF /* WatchListViewController.swift in Sources */,
				45E07F002B696D6000F6CF6A /* FinancialMetricsResponse.swift in Sources */,
				4579514D2B6063BF002D94EF /* NewsViewController.swift in Sources */,
				457951552B6066B1002D94EF /* PersistenceManager.swift in Sources */,
				45F94B9D2B640F2500A0B66C /* NewsStory.swift in Sources */,
				450960D52B614DE000043B00 /* Extensions.swift in Sources */,
				45F94B9F2B6416F400A0B66C /* NewsStoryTableViewCell.swift in Sources */,
				45F94BA82B644ACE00A0B66C /* StockChartView.swift in Sources */,
				457951342B605A1C002D94EF /* AppDelegate.swift in Sources */,
				458A1AEA2B619BFC004A4246 /* SearchResponse.swift in Sources */,
				45F94B9B2B63FC9E00A0B66C /* NewsHeaderView.swift in Sources */,
				457951362B605A1C002D94EF /* SceneDelegate.swift in Sources */,
				4579514F2B6063D1002D94EF /* SearchResultsViewController.swift in Sources */,
				45E07F022B69706400F6CF6A /* StockDetailHeaderView.swift in Sources */,
				45F94BA62B6449B400A0B66C /* WatchListTableViewCell.swift in Sources */,
				457951532B6066A0002D94EF /* APIManager.swift in Sources */,
			);
			runOnlyForDeploymentPostprocessing = 0;
		};
/* End PBXSourcesBuildPhase section */

/* Begin PBXVariantGroup section */
		4579513E2B605A1D002D94EF /* LaunchScreen.storyboard */ = {
			isa = PBXVariantGroup;
			children = (
				4579513F2B605A1D002D94EF /* Base */,
			);
			name = LaunchScreen.storyboard;
			sourceTree = "<group>";
		};
/* End PBXVariantGroup section */

/* Begin XCBuildConfiguration section */
		457951422B605A1D002D94EF /* Debug */ = {
			isa = XCBuildConfiguration;
			buildSettings = {
				ALWAYS_SEARCH_USER_PATHS = NO;
				ASSETCATALOG_COMPILER_GENERATE_SWIFT_ASSET_SYMBOL_EXTENSIONS = YES;
				CLANG_ANALYZER_NONNULL = YES;
				CLANG_ANALYZER_NUMBER_OBJECT_CONVERSION = YES_AGGRESSIVE;
				CLANG_CXX_LANGUAGE_STANDARD = "gnu++20";
				CLANG_ENABLE_MODULES = YES;
				CLANG_ENABLE_OBJC_ARC = YES;
				CLANG_ENABLE_OBJC_WEAK = YES;
				CLANG_WARN_BLOCK_CAPTURE_AUTORELEASING = YES;
				CLANG_WARN_BOOL_CONVERSION = YES;
				CLANG_WARN_COMMA = YES;
				CLANG_WARN_CONSTANT_CONVERSION = YES;
				CLANG_WARN_DEPRECATED_OBJC_IMPLEMENTATIONS = YES;
				CLANG_WARN_DIRECT_OBJC_ISA_USAGE = YES_ERROR;
				CLANG_WARN_DOCUMENTATION_COMMENTS = YES;
				CLANG_WARN_EMPTY_BODY = YES;
				CLANG_WARN_ENUM_CONVERSION = YES;
				CLANG_WARN_INFINITE_RECURSION = YES;
				CLANG_WARN_INT_CONVERSION = YES;
				CLANG_WARN_NON_LITERAL_NULL_CONVERSION = YES;
				CLANG_WARN_OBJC_IMPLICIT_RETAIN_SELF = YES;
				CLANG_WARN_OBJC_LITERAL_CONVERSION = YES;
				CLANG_WARN_OBJC_ROOT_CLASS = YES_ERROR;
				CLANG_WARN_QUOTED_INCLUDE_IN_FRAMEWORK_HEADER = YES;
				CLANG_WARN_RANGE_LOOP_ANALYSIS = YES;
				CLANG_WARN_STRICT_PROTOTYPES = YES;
				CLANG_WARN_SUSPICIOUS_MOVE = YES;
				CLANG_WARN_UNGUARDED_AVAILABILITY = YES_AGGRESSIVE;
				CLANG_WARN_UNREACHABLE_CODE = YES;
				CLANG_WARN__DUPLICATE_METHOD_MATCH = YES;
				COPY_PHASE_STRIP = NO;
				DEBUG_INFORMATION_FORMAT = dwarf;
				ENABLE_STRICT_OBJC_MSGSEND = YES;
				ENABLE_TESTABILITY = YES;
				ENABLE_USER_SCRIPT_SANDBOXING = YES;
				GCC_C_LANGUAGE_STANDARD = gnu17;
				GCC_DYNAMIC_NO_PIC = NO;
				GCC_NO_COMMON_BLOCKS = YES;
				GCC_OPTIMIZATION_LEVEL = 0;
				GCC_PREPROCESSOR_DEFINITIONS = (
					"DEBUG=1",
					"$(inherited)",
				);
				GCC_WARN_64_TO_32_BIT_CONVERSION = YES;
				GCC_WARN_ABOUT_RETURN_TYPE = YES_ERROR;
				GCC_WARN_UNDECLARED_SELECTOR = YES;
				GCC_WARN_UNINITIALIZED_AUTOS = YES_AGGRESSIVE;
				GCC_WARN_UNUSED_FUNCTION = YES;
				GCC_WARN_UNUSED_VARIABLE = YES;
				IPHONEOS_DEPLOYMENT_TARGET = 17.0;
				LOCALIZATION_PREFERS_STRING_CATALOGS = YES;
				MTL_ENABLE_DEBUG_INFO = INCLUDE_SOURCE;
				MTL_FAST_MATH = YES;
				ONLY_ACTIVE_ARCH = YES;
				SDKROOT = iphoneos;
				SWIFT_ACTIVE_COMPILATION_CONDITIONS = "DEBUG $(inherited)";
				SWIFT_OPTIMIZATION_LEVEL = "-Onone";
			};
			name = Debug;
		};
		457951432B605A1D002D94EF /* Release */ = {
			isa = XCBuildConfiguration;
			buildSettings = {
				ALWAYS_SEARCH_USER_PATHS = NO;
				ASSETCATALOG_COMPILER_GENERATE_SWIFT_ASSET_SYMBOL_EXTENSIONS = YES;
				CLANG_ANALYZER_NONNULL = YES;
				CLANG_ANALYZER_NUMBER_OBJECT_CONVERSION = YES_AGGRESSIVE;
				CLANG_CXX_LANGUAGE_STANDARD = "gnu++20";
				CLANG_ENABLE_MODULES = YES;
				CLANG_ENABLE_OBJC_ARC = YES;
				CLANG_ENABLE_OBJC_WEAK = YES;
				CLANG_WARN_BLOCK_CAPTURE_AUTORELEASING = YES;
				CLANG_WARN_BOOL_CONVERSION = YES;
				CLANG_WARN_COMMA = YES;
				CLANG_WARN_CONSTANT_CONVERSION = YES;
				CLANG_WARN_DEPRECATED_OBJC_IMPLEMENTATIONS = YES;
				CLANG_WARN_DIRECT_OBJC_ISA_USAGE = YES_ERROR;
				CLANG_WARN_DOCUMENTATION_COMMENTS = YES;
				CLANG_WARN_EMPTY_BODY = YES;
				CLANG_WARN_ENUM_CONVERSION = YES;
				CLANG_WARN_INFINITE_RECURSION = YES;
				CLANG_WARN_INT_CONVERSION = YES;
				CLANG_WARN_NON_LITERAL_NULL_CONVERSION = YES;
				CLANG_WARN_OBJC_IMPLICIT_RETAIN_SELF = YES;
				CLANG_WARN_OBJC_LITERAL_CONVERSION = YES;
				CLANG_WARN_OBJC_ROOT_CLASS = YES_ERROR;
				CLANG_WARN_QUOTED_INCLUDE_IN_FRAMEWORK_HEADER = YES;
				CLANG_WARN_RANGE_LOOP_ANALYSIS = YES;
				CLANG_WARN_STRICT_PROTOTYPES = YES;
				CLANG_WARN_SUSPICIOUS_MOVE = YES;
				CLANG_WARN_UNGUARDED_AVAILABILITY = YES_AGGRESSIVE;
				CLANG_WARN_UNREACHABLE_CODE = YES;
				CLANG_WARN__DUPLICATE_METHOD_MATCH = YES;
				COPY_PHASE_STRIP = NO;
				DEBUG_INFORMATION_FORMAT = "dwarf-with-dsym";
				ENABLE_NS_ASSERTIONS = NO;
				ENABLE_STRICT_OBJC_MSGSEND = YES;
				ENABLE_USER_SCRIPT_SANDBOXING = YES;
				GCC_C_LANGUAGE_STANDARD = gnu17;
				GCC_NO_COMMON_BLOCKS = YES;
				GCC_WARN_64_TO_32_BIT_CONVERSION = YES;
				GCC_WARN_ABOUT_RETURN_TYPE = YES_ERROR;
				GCC_WARN_UNDECLARED_SELECTOR = YES;
				GCC_WARN_UNINITIALIZED_AUTOS = YES_AGGRESSIVE;
				GCC_WARN_UNUSED_FUNCTION = YES;
				GCC_WARN_UNUSED_VARIABLE = YES;
				IPHONEOS_DEPLOYMENT_TARGET = 17.0;
				LOCALIZATION_PREFERS_STRING_CATALOGS = YES;
				MTL_ENABLE_DEBUG_INFO = NO;
				MTL_FAST_MATH = YES;
				SDKROOT = iphoneos;
				SWIFT_COMPILATION_MODE = wholemodule;
				VALIDATE_PRODUCT = YES;
			};
			name = Release;
		};
		457951452B605A1D002D94EF /* Debug */ = {
			isa = XCBuildConfiguration;
			buildSettings = {
				ASSETCATALOG_COMPILER_APPICON_NAME = AppIcon;
				ASSETCATALOG_COMPILER_GLOBAL_ACCENT_COLOR_NAME = AccentColor;
				CODE_SIGN_STYLE = Automatic;
				CURRENT_PROJECT_VERSION = 1;
				DEVELOPMENT_TEAM = N2G2NDDG29;
				GENERATE_INFOPLIST_FILE = YES;
				INFOPLIST_FILE = iStock/Info.plist;
				INFOPLIST_KEY_UIApplicationSupportsIndirectInputEvents = YES;
				INFOPLIST_KEY_UILaunchStoryboardName = LaunchScreen;
				INFOPLIST_KEY_UISupportedInterfaceOrientations = UIInterfaceOrientationPortrait;
				INFOPLIST_KEY_UISupportedInterfaceOrientations_iPad = "UIInterfaceOrientationLandscapeLeft UIInterfaceOrientationLandscapeRight UIInterfaceOrientationPortrait UIInterfaceOrientationPortraitUpsideDown";
				IPHONEOS_DEPLOYMENT_TARGET = 13.0;
				LD_RUNPATH_SEARCH_PATHS = (
					"$(inherited)",
					"@executable_path/Frameworks",
				);
				MARKETING_VERSION = 1.0;
				PRODUCT_BUNDLE_IDENTIFIER = com.ahmettarik.iStock;
				PRODUCT_NAME = "$(TARGET_NAME)";
				SUPPORTED_PLATFORMS = "iphoneos iphonesimulator";
				SUPPORTS_MACCATALYST = NO;
				SUPPORTS_MAC_DESIGNED_FOR_IPHONE_IPAD = NO;
				SWIFT_EMIT_LOC_STRINGS = YES;
				SWIFT_VERSION = 5.0;
				TARGETED_DEVICE_FAMILY = 1;
			};
			name = Debug;
		};
		457951462B605A1D002D94EF /* Release */ = {
			isa = XCBuildConfiguration;
			buildSettings = {
				ASSETCATALOG_COMPILER_APPICON_NAME = AppIcon;
				ASSETCATALOG_COMPILER_GLOBAL_ACCENT_COLOR_NAME = AccentColor;
				CODE_SIGN_STYLE = Automatic;
				CURRENT_PROJECT_VERSION = 1;
				DEVELOPMENT_TEAM = N2G2NDDG29;
				GENERATE_INFOPLIST_FILE = YES;
				INFOPLIST_FILE = iStock/Info.plist;
				INFOPLIST_KEY_UIApplicationSupportsIndirectInputEvents = YES;
				INFOPLIST_KEY_UILaunchStoryboardName = LaunchScreen;
				INFOPLIST_KEY_UISupportedInterfaceOrientations = UIInterfaceOrientationPortrait;
				INFOPLIST_KEY_UISupportedInterfaceOrientations_iPad = "UIInterfaceOrientationLandscapeLeft UIInterfaceOrientationLandscapeRight UIInterfaceOrientationPortrait UIInterfaceOrientationPortraitUpsideDown";
				IPHONEOS_DEPLOYMENT_TARGET = 13.0;
				LD_RUNPATH_SEARCH_PATHS = (
					"$(inherited)",
					"@executable_path/Frameworks",
				);
				MARKETING_VERSION = 1.0;
				PRODUCT_BUNDLE_IDENTIFIER = com.ahmettarik.iStock;
				PRODUCT_NAME = "$(TARGET_NAME)";
				SUPPORTED_PLATFORMS = "iphoneos iphonesimulator";
				SUPPORTS_MACCATALYST = NO;
				SUPPORTS_MAC_DESIGNED_FOR_IPHONE_IPAD = NO;
				SWIFT_EMIT_LOC_STRINGS = YES;
				SWIFT_VERSION = 5.0;
				TARGETED_DEVICE_FAMILY = 1;
			};
			name = Release;
		};
/* End XCBuildConfiguration section */

/* Begin XCConfigurationList section */
		4579512B2B605A1C002D94EF /* Build configuration list for PBXProject "iStock" */ = {
			isa = XCConfigurationList;
			buildConfigurations = (
				457951422B605A1D002D94EF /* Debug */,
				457951432B605A1D002D94EF /* Release */,
			);
			defaultConfigurationIsVisible = 0;
			defaultConfigurationName = Release;
		};
		457951442B605A1D002D94EF /* Build configuration list for PBXNativeTarget "iStock" */ = {
			isa = XCConfigurationList;
			buildConfigurations = (
				457951452B605A1D002D94EF /* Debug */,
				457951462B605A1D002D94EF /* Release */,
			);
			defaultConfigurationIsVisible = 0;
			defaultConfigurationName = Release;
		};
/* End XCConfigurationList section */

/* Begin XCRemoteSwiftPackageReference section */
		457788A72B63019B0027DF3E /* XCRemoteSwiftPackageReference "FloatingPanel" */ = {
			isa = XCRemoteSwiftPackageReference;
			repositoryURL = "https://github.com/scenee/FloatingPanel.git";
			requirement = {
				kind = upToNextMajorVersion;
				minimumVersion = 2.8.1;
			};
		};
		45E07F052B698E3900F6CF6A /* XCRemoteSwiftPackageReference "Charts" */ = {
			isa = XCRemoteSwiftPackageReference;
			repositoryURL = "https://github.com/danielgindi/Charts.git";
			requirement = {
				kind = upToNextMajorVersion;
				minimumVersion = 5.0.0;
			};
		};
		45F94BA02B64210900A0B66C /* XCRemoteSwiftPackageReference "SDWebImage" */ = {
			isa = XCRemoteSwiftPackageReference;
			repositoryURL = "https://github.com/SDWebImage/SDWebImage.git";
			requirement = {
				kind = upToNextMajorVersion;
				minimumVersion = 5.18.10;
			};
		};
/* End XCRemoteSwiftPackageReference section */

/* Begin XCSwiftPackageProductDependency section */
		457788A82B63019B0027DF3E /* FloatingPanel */ = {
			isa = XCSwiftPackageProductDependency;
			package = 457788A72B63019B0027DF3E /* XCRemoteSwiftPackageReference "FloatingPanel" */;
			productName = FloatingPanel;
		};
		45E07F062B698E3900F6CF6A /* DGCharts */ = {
			isa = XCSwiftPackageProductDependency;
			package = 45E07F052B698E3900F6CF6A /* XCRemoteSwiftPackageReference "Charts" */;
			productName = DGCharts;
		};
		45E07F082B698E3900F6CF6A /* DGChartsDynamic */ = {
			isa = XCSwiftPackageProductDependency;
			package = 45E07F052B698E3900F6CF6A /* XCRemoteSwiftPackageReference "Charts" */;
			productName = DGChartsDynamic;
		};
		45F94BA12B64210900A0B66C /* SDWebImage */ = {
			isa = XCSwiftPackageProductDependency;
			package = 45F94BA02B64210900A0B66C /* XCRemoteSwiftPackageReference "SDWebImage" */;
			productName = SDWebImage;
		};
/* End XCSwiftPackageProductDependency section */
	};
	rootObject = 457951282B605A1C002D94EF /* Project object */;
}
